PODS:
  - SnapKit (5.0.1)
  - Starscream (4.0.4)

DEPENDENCIES:
  - SnapKit (~> 5.0.0)
  - Starscream (~> 4.0.0)

SPEC REPOS:
  trunk:
    - SnapKit
    - Starscream

SPEC CHECKSUMS:
  SnapKit: 97b92857e3df3a0c71833cce143274bf6ef8e5eb
  Starscream: 5178aed56b316f13fa3bc55694e583d35dd414d9

PODFILE CHECKSUM: 96f05959bdd51ee04b4d29836af583d4a654043e

COCOAPODS: 1.11.2
